
Microsoft Visual Studio Solution File, Format Version 12.00
# Visual Studio Version 17
VisualStudioVersion = 17.0.31903.59
MinimumVisualStudioVersion = 10.0.40219.1
Project("{2150E333-8FDC-42A3-9474-1A3956D46DE8}") = "src", "src", "{39CE5193-E6E5-4DEA-A855-913A64928B4F}"
EndProject
Project("{FAE04EC0-301F-11D3-BF4B-00C04F79EFBC}") = "API", "src\API\API.csproj", "{8C9F9F80-4438-468A-8DAB-8A7FAE9855B5}"
EndProject
Project("{FAE04EC0-301F-11D3-BF4B-00C04F79EFBC}") = "Domain", "src\Domain\Domain.csproj", "{9912AF8E-866B-4120-B1CF-0017949568FC}"
EndProject
Project("{FAE04EC0-301F-11D3-BF4B-00C04F79EFBC}") = "Infrastructure", "src\Infrastructure\Infrastructure.csproj", "{D9939911-8667-4EA3-A47D-1A2CF5EF705B}"
EndProject
Project("{FAE04EC0-301F-11D3-BF4B-00C04F79EFBC}") = "Application", "src\Application\Application.csproj", "{B6EC5BFE-94B0-4756-B56D-1ACC4272AA7C}"
EndProject
Global
	GlobalSection(SolutionConfigurationPlatforms) = preSolution
		Debug|Any CPU = Debug|Any CPU
		Release|Any CPU = Release|Any CPU
	EndGlobalSection
	GlobalSection(SolutionProperties) = preSolution
		HideSolutionNode = FALSE
	EndGlobalSection
	GlobalSection(ProjectConfigurationPlatforms) = postSolution
		{8C9F9F80-4438-468A-8DAB-8A7FAE9855B5}.Debug|Any CPU.ActiveCfg = Debug|Any CPU
		{8C9F9F80-4438-468A-8DAB-8A7FAE9855B5}.Debug|Any CPU.Build.0 = Debug|Any CPU
		{8C9F9F80-4438-468A-8DAB-8A7FAE9855B5}.Release|Any CPU.ActiveCfg = Release|Any CPU
		{8C9F9F80-4438-468A-8DAB-8A7FAE9855B5}.Release|Any CPU.Build.0 = Release|Any CPU
		{9912AF8E-866B-4120-B1CF-0017949568FC}.Debug|Any CPU.ActiveCfg = Debug|Any CPU
		{9912AF8E-866B-4120-B1CF-0017949568FC}.Debug|Any CPU.Build.0 = Debug|Any CPU
		{9912AF8E-866B-4120-B1CF-0017949568FC}.Release|Any CPU.ActiveCfg = Release|Any CPU
		{9912AF8E-866B-4120-B1CF-0017949568FC}.Release|Any CPU.Build.0 = Release|Any CPU
		{D9939911-8667-4EA3-A47D-1A2CF5EF705B}.Debug|Any CPU.ActiveCfg = Debug|Any CPU
		{D9939911-8667-4EA3-A47D-1A2CF5EF705B}.Debug|Any CPU.Build.0 = Debug|Any CPU
		{D9939911-8667-4EA3-A47D-1A2CF5EF705B}.Release|Any CPU.ActiveCfg = Release|Any CPU
		{D9939911-8667-4EA3-A47D-1A2CF5EF705B}.Release|Any CPU.Build.0 = Release|Any CPU
		{B6EC5BFE-94B0-4756-B56D-1ACC4272AA7C}.Debug|Any CPU.ActiveCfg = Debug|Any CPU
		{B6EC5BFE-94B0-4756-B56D-1ACC4272AA7C}.Debug|Any CPU.Build.0 = Debug|Any CPU
		{B6EC5BFE-94B0-4756-B56D-1ACC4272AA7C}.Release|Any CPU.ActiveCfg = Release|Any CPU
		{B6EC5BFE-94B0-4756-B56D-1ACC4272AA7C}.Release|Any CPU.Build.0 = Release|Any CPU
	EndGlobalSection
	GlobalSection(NestedProjects) = preSolution
		{8C9F9F80-4438-468A-8DAB-8A7FAE9855B5} = {39CE5193-E6E5-4DEA-A855-913A64928B4F}
		{9912AF8E-866B-4120-B1CF-0017949568FC} = {39CE5193-E6E5-4DEA-A855-913A64928B4F}
		{D9939911-8667-4EA3-A47D-1A2CF5EF705B} = {39CE5193-E6E5-4DEA-A855-913A64928B4F}
		{B6EC5BFE-94B0-4756-B56D-1ACC4272AA7C} = {39CE5193-E6E5-4DEA-A855-913A64928B4F}
	EndGlobalSection
EndGlobal
